lockfileVersion: '9.0'

settings:
  autoInstallPeers: true
  excludeLinksFromLockfile: false

importers:
  .:
    dependencies:
      fastify:
        specifier: ^4.29.1
        version: 4.29.1
      ioredis:
        specifier: ^5.9.2
        version: 5.9.2
      pg:
        specifier: ^8.18.0
        version: 8.18.0
      ws:
        specifier: ^8.19.0
        version: 8.19.0
      zod:
        specifier: ^3.25.76
        version: 3.25.76
    devDependencies:
      @types/node:
        specifier: ^20.19.31
        version: 20.19.31
      pg-mem:
        specifier: ^2.9.1
        version: 2.9.1
      ts-node:
        specifier: ^10.9.2
        version: 10.9.2(@types/node@20.19.31)(typescript@5.9.3)
      typescript:
        specifier: ^5.9.3
        version: 5.9.3
      vitest:
        specifier: ^1.6.1
        version: 1.6.1(@types/node@20.19.31)

packages:

  '@esbuild/linux-x64@0.21.5':
    resolution: {integrity: sha512-1r0Syg2rsb/sx6EyaUQ0cYg5peMd/3W7YozT6Bv/IhDov1sMQS9SP4t/8UAYnboi+Dg0Y6K1tO0mQFJfJ9pFTg==}
    engines: {node: '>=12'}
    cpu: [x64]
    os: [linux]

  '@fastify/ajv-compiler@3.6.0':
    resolution: {integrity: sha512-dYovFbg+DTZt5sGqfZrJ7o2D3J6xO4r5xFvTKJto0sry8P3fr3nWltF7tkSHWm1C7p5G7T7TR2KM7P9AaAq5AA==}

  '@fastify/error@3.4.1':
    resolution: {integrity: sha512-pAt1S4yKZ5jY1OcGVP58rCUzCSTo06X1xGqDLU2iGvFvQm8+GmMNH7Z7V2aE62bHL8yYFGS+o4GpgOPEdC17jQ==}

  '@fastify/fast-json-stringify-compiler@4.3.0':
    resolution: {integrity: sha512-iwSrtFkFqlVMT1p0Dsq5/9pB4F94KVpmF7O2vToU9aLhrMfXdOW2VJPCEK5psQ7DF6pC5YhVxv2Qvmt2yPQrjw==}

  '@fastify/forwarded@2.0.1':
    resolution: {integrity: sha512-QI6L+N5da6HMuZGRC6lGjC9K2IjrAptFxk/Om+iT+AewZfpeTRZ8gf9Htr2C58neZ5zJdK2ajmJ3Btr4q8U7Qg==}

  '@fastify/merge-json-schemas@0.1.1':
    resolution: {integrity: sha512-zbu/6l0Eyp+MJ4IlZB8o/Ll+SFXqcqHYv2Hg/mJd8/6tUwDkXj50RAZGWSlN1Bz8x8lvn9vOIhBsp5+e1bP0KA==}

  '@fastify/send@2.1.0':
    resolution: {integrity: sha512-k70JSgDtxnJq4qgFdUTQIzykyX5pbkcARnlrxCiCqUOmNeMpsKzZVg4ZbNkCEUUs0Bh0I09hioVIylZ1rqYc7g==}

  '@fastify/stack-parser@1.0.1':
    resolution: {integrity: sha512-8KH5Q7KeBgrz26xSbbQjbPVEBdtpseCWpc9N8nu/52eVT5zEx0quOT1x9k4hxI3Dqz0boHBc5Ul1tLZS18A4gw==}

  '@fastify/swagger-ui@2.1.0':
    resolution: {integrity: sha512-79XG8DxsiN4KnyrJ9UZPRYtRP9FaT4vGROa7i9m6Q9IH0YZQX8jQhL1dCQl4c0ASfHHzsG2XfHoH1v7vfwhSwA==}

  '@fastify/swagger@8.16.0':
    resolution: {integrity: sha512-wNpbHlOKwHbXGm/L1hq9GiYHYA1A3OIj5CeCTllJiaUf4xR1g6jQzkscC49n/7vJKdtFCYkXbpAY5P1+VapJqg==}

  '@fastify/websocket@8.3.1':
    resolution: {integrity: sha512-+PeX3p7GOdBpW3SLBpt9A/+b35u2THqRJxFM4x7pR9wqKKY36q3TXkG4jB7JVDf4fRKt1g3xIwb6mFCuGCSFkw==}

  '@jest/expect-utils@29.7.0':
    resolution: {integrity: sha512-S0TqD/9m3tUjnIaN9GFb/1sh1PY8hA73tbc+MbwWNRh51cQBCY7dS9XrzV8jSoHF9AoHM1awqH8PxwJ7po2JgA==}

  '@jest/schemas@29.6.3':
    resolution: {integrity: sha512-0QdHnRRs5Yh0y+jTNeFXuVzD+z+UFwAxI2uQVQ9BoE/EeiafdpXyaQ/H0RYbaAFMMNEmrt90f+y1lW3v1F8GIA==}

  '@jest/types@29.6.3':
    resolution: {integrity: sha512-J8kI4U62MUB53y4Dhs6SQmBb5AaPMzSVHgIyvNGfN5ZkLrsD3S1c7S9TMaSfpXpyw9Gg3OG8pF5w8S16B0nWLw==}

  '@jridgewell/resolve-uri@3.1.1':
    resolution: {integrity: sha512-2WS2NwZp3TqdnCeqiK8u3mIOLrpspGxN7Fi1tY1TWSYf3C/5MBvY9fOta/tm6tUVSjGkh+BKcFkkIH1q1ZtP/g==}

  '@jridgewell/sourcemap-codec@1.4.15':
    resolution: {integrity: sha512-Zw8dtXfA7h9+zOZNy2k1ZRrXKNo/3tRA9x1JwsTzV1zu3LrV7Xj9yuGmoQ/2pk2D2TZMhi6nN6SX+L5AFlKk3Q==}

  '@jridgewell/trace-mapping@0.3.25':
    resolution: {integrity: sha512-3FdUCmfEczchvcCOoG+3yR3dg1wG0CW8rgd64NHGeQvRze8nyZqkwcD6bR9mwD7X4H0qUwlnw6PC+6PRXb1yQ==}

  '@sinclair/typebox@0.33.6':
    resolution: {integrity: sha512-yt0eV5fQEUWxzRrx8oWXgdb25lpiv3b07Ee2v7usLgQmHdi7KOMVt2+E6+1PuSv7hFjnhH6wjrsf5moO6nUeHA==}

  '@types/node@20.19.31':
    resolution: {integrity: sha512-WvRjD1SGR1kFmuu/k3fsT7fug7y9Yy4qoedSWZ976/c1Hf3D1t71n2PSfSmf4iK9O5o0iAzE2yTytiybDHoGeQ==}

  '@types/pg@8.11.14':
    resolution: {integrity: sha512-pZDjo4zN+CEdZPD30X5uz5M5Y47Z55xQ/rV46cwI3rjKDA/ztH1iyGl49hgeCqXBbe5/FhWBsKULMTwJPyf2Bw==}

  '@types/stack-utils@2.0.3':
    resolution: {integrity: sha512-5wkVfho5Zzg6F4Jio1ZoSOynUPt14YHAFcON/8jHJKYkMkMcJ3HNUzKDtAlh6kSTfA4vcL2D1Gx+9Y0B4qg5kQ==}

  '@types/ws@8.18.0':
    resolution: {integrity: sha512-8oh3tMFupQ/MRag4U6WWJ3JrXY0l0JyCtDGsH0enbF1B6cbsjOksUgfvw3oSdsGVv/DZhk5AQKjG8uW/fEUmLg==}

  '@vitest/expect@1.6.1':
    resolution: {integrity: sha512-JDvoZWeH7fLd3DmSx/9e6j0qvl+o1Bhn8PGPzlWL1iZgeW9ycGIvKj6LoC0F3uQSkiX4V9fJgGxro0F8wj+1iA==}

  '@vitest/runner@1.6.1':
    resolution: {integrity: sha512-EtlXgF2sJxFBFdsjeOQZ8NoxV8tfXk/HdoMAg/cE+Yx/fvbu1Rivk3wU/6Xg9Ov+1V9L9RbHffgqhQnrfrN5yg==}

  '@vitest/snapshot@1.6.1':
    resolution: {integrity: sha512-NU8sUG9LDE9g0Qfpl7XJq40NQYa3RBnU/8EwYcRcll2E9P5aO1Dwp5yF0z7L1KZpOQqknGpaK6Q8J0o9wEm52w==}

  '@vitest/spy@1.6.1':
    resolution: {integrity: sha512-7cC4/NY6/Ohq9KnTnRNs+zjbUtsQy3C1H7t4W8fquj5o+2Ugz6ZBnd6pCH4x0G17h6g0pR9PQ2i2v0rvnPgbQQ==}

  '@vitest/utils@1.6.1':
    resolution: {integrity: sha512-9bB+zbcePclGxoTLbqraTO9jvoizSvS8iUa14tMWagD95KDj8KiN3H4AvGZxpe8RyFmgadpQbF7jbGZ4f9Ym8A==}

  abstract-logging@2.0.1:
    resolution: {integrity: sha512-IQEDqAA91Kpw3wcfjPOiCkKt8De2b2tz8XX5dFk1Bl0kUtHf4c1v1/Z5QJkgM/iSmzwAZ7tmeVjDMeqM4pRrBA==}

  acorn-walk@8.3.4:
    resolution: {integrity: sha512-wOUarjP6Yx2O/Spq1Rm0pRtRzD1HJUJUsuZShZp3cjbtT0TAMoKRPkNdfp7OjsX1uHY+AfSn4h1YU3czKLe9/g==}

  ajv@8.17.1:
    resolution: {integrity: sha512-jr4R9GOK5C4Tw5bA+X8+Z48D3cC/tiq1e6K+y/Nx2Qiyx+vU2ONZGsuB2s6TqNNgFY0Mi/HViofLe4G2R7a1uQ==}

  ansi-styles@5.2.0:
    resolution: {integrity: sha512-kG3+PfeQ1kHtGEZQ/n4IsbDNU5D48H7Hk3lCdqv5uCQ1tVrvFBVoCHGMElBmiJ7f/b2p4NJfV0Y5YKW1Flz5dQ==}

  argparse@1.0.10:
    resolution: {integrity: sha512-BAHYO45XZRaO7P3u9Q6EVgj5Z2rBvPoy7qOhX2d0zzHZ5ZUyF//v4lZ1ezN4Zr+y9hUoZ97x1NnU1yEX6Yv7xw==}

  assertion-error@1.1.0:
    resolution: {integrity: sha512-/92HZwItf5BC5rjuvB9xPvQNDqCqpY+tNieYSRj0qwCmc/vK6WhwX4STp4/f4UE6D1NZYzTjvpBq9oIfg8gsyg==}

  ast-types@0.13.4:
    resolution: {integrity: sha512-rm++xbX+RUQHI47k+PwaZcoCEtAtDWLZDwJHhSKTwFSxJZh4WdIu/jda/w2tYwVxj1JcehYYVZ8fSBILGlk+5g==}

  async@3.2.6:
    resolution: {integrity: sha512-2zwsG//wvxWaEXb2ciWmQcUUMtwnmu89VDSCsGvavMSlOu6BNf45T5QqSE5zB+dt+Tmk8vBNgVqymCq+A6yKow==}

  asynckit@0.4.0:
    resolution: {integrity: sha512-UX2FvNzlGJvNJOcQk5EX6oIr4Q2x8d/SHjveRkNRVrJHMygqa4t1GLmh4Zr/jEzCAhGdHaL/Z8lPZ1a6RL0Olg==}

  atomic-sleep@1.0.0:
    resolution: {integrity: sha512-qj+NZyL1rWVOcxYpG5jY48DI6cClG/K5Sq89vLnhxhjKzTGptPL32f0eu0/sLpxWpWlFuhQI1nS+lt/sLhWLLA==}

  avvio@8.4.0:
    resolution: {integrity: sha512-fGG/qZpGd6e2EPj3z8OMoiDMmnG3B3blz4gcxf7GZhLEhLzBbpIvUZWz0gBj1QE20G2H843VvIx5QKnL5Rkp1w==}

  axios@1.7.7:
    resolution: {integrity: sha512-l5wOHZe64spVv5XJ6/4zo9Gwx2Q6vZxj8q9UKI+PrtTThE1iOj36H2IsKQf7ggSVdYyspqhSXL46y0j8Jr/EnA==}

  base64-js@1.5.1:
    resolution: {integrity: sha512-AKpa/1G7vpIFolKfM2Hjtr0oXz53zoYzY5tJmF2y0G3/8eR/gYCfww+1Wl2dEbb2pvcwY8zJ1PhcW2wJreEnWw==}

  bl@4.1.0:
    resolution: {integrity: sha512-8b453dp0hMJ5vku0Mbi5KfcMrCmhMaTbthxilmb5Gu5lKacMQQ7G0bXW7HyVfx7Zk8Tsd6uU5oKkqSNcG1iM5A==}

  blueprintjs@5.20.1:
    resolution: {integrity: sha512-JIr+rEVfydnGxLDxL8r6dGW6lE6edhVhb8XC8er3gxK3G2BwZQ5TR6AunXrbIzEvVgajQw14q0EHfW2q7ORXkQ==}

  brace-expansion@2.0.1:
    resolution: {integrity: sha512-XRPQ9vXwcz0fUAFK/jbKmbW2V8eT5asOSLGU2CY4bBU0O9qkI9l5YpAG+R2CSeQ/WTIc+UBoXN1oECAlIXE9Ig==}

  braces@3.0.3:
    resolution: {integrity: sha512-Lw7N00WvHyfG4Hkv6Rl/2lMZ22J9Xfp5n3Zx5K3h3ysun5Q0h0Lr5Ui5LnWT8/Q0uLu5Yy9zxvgv6R6t8r5Jqw==}

  buffer@6.0.3:
    resolution: {integrity: sha512-24NvD/EuV9B5It+Qu2v2rGFlpnVnU4TpVGBF2GW78gaXOY7JsZTvU3q2/myl8zGRDhSU6lk/2rDCPsC8RlLo3Q==}

  bufferutil@4.0.8:
    resolution: {integrity: sha512-1/9v1rFsIhUeD1ItOBOC8V6VwUj1KgAm6fKIZ7gBXHsLer6ZvZpB+zNVDgwXuJn/B5EEKaH6kztDL7k5LDBcRQ==}

  bundle-name@4.1.0:
    resolution: {integrity: sha512-tNy9N1JzZxOm5EEL2VWO0VBHVuA7M7DT1G0uPJit8AN/FdEyVP2Mm0LY2ha7O7m7OKSDaCdd2QlVPTxsSuR4ng==}

  cac@6.7.14:
    resolution: {integrity: sha512-oYpUrXBc9o/Lt2BCMUvT8/J5tZY8B4AGzh6lVycK4HFANMh7gcUSPP9tgQ10WeO5bqnAhgQZOMn6bj+xR/6I5A==}

  cache-content-type@1.0.1:
    resolution: {integrity: sha512-1lvmAzAaPS7zvKyNEPgUhHG0BmyJ1ox/0m0QtITOdPzRAKN0uEsPHRuV08lSULNn6RsrPvhbRDV1+2UGzGQ3Sg==}

  callsites@3.1.0:
    resolution: {integrity: sha512-Pd/OnmO1/NqkdNN5/bU+Ei2cvs1iKkTVbb6qmuTi4BqI4x01azSS1b2gOuwHyH3RDm0pkFx0okS+uL18Eo6eFw==}

  camelcase@5.3.1:
    resolution: {integrity: sha512-a04sD+fjJrDkWcFFuJ1e/a64cCDOeD3VR7oNtZxY1Qu27JrwWW0e+VkOigpWkV6+UwXT/KpXnOpn2xMhnwMWqA==}

  chai@4.5.0:
    resolution: {integrity: sha512-1nCzNHAIR9d5Dl6g3RgSz6fJjrQbM4mDjNDYB31XDLOGnfXBct/t8tD2SgDR6K9a8y1GojA6BnEpS73CBGKJmQ==}

  chai-subset@1.6.0:
    resolution: {integrity: sha512-7sWy3w0w6DJ1yexsCtKa2aYK2+6O6ou4xQdZo6p6VQ0oDk9drhvIsKItNj2CrvC6h9Vn0gJ3N5vN7qC5e/9+oQ==}

  chalk@4.1.2:
    resolution: {integrity: sha512-xGXdbZyaU8z6v5ceGTVpNQIQ0ktL0ncMT/6zRDK2IkFJ9QnY96fSXswzCiP1oBmH3UD5S7vVyjhbv3pt8g+MlQ==}

  check-error@1.0.3:
    resolution: {integrity: sha512-6iucoBoKFF2ok3NqSNYy6iLFCxlztMkM7JgVgOZKwh/F8L/8G7mNnMdhre1uZBD/RxWgN1u1/jbVN3rtZFa91A==}

  chokidar@3.6.0:
    resolution: {integrity: sha512-43Kd0g65RcCPTRn759Ynh3S1lL/N2OM0b1pN+eL1CTfh0OR5KkzX73QjgJskBB3odWZhclmZBVa/e/jYQ1K2w==}

  ci-info@3.9.0:
    resolution: {integrity: sha512-6F6Wg6usJC8B/1l8mynndsfYVfQ+InwvYrvMlLXFxhJ1JxpN7ILgQC/Yo1sT2qr/VCXG9CTd6I9+H6OkC9iyjQ==}

  clean-stack@2.2.0:
    resolution: {integrity: sha512-COd88+rqY1U8E9j5q9N10d0TXyTphp9s6R2p8l2hrxXG/IS1voG/EBgy58oD1Jbh1ZMLY8pZ9aQ1o7Q77bR3qQ==}

  cliui@8.0.1:
    resolution: {integrity: sha512-ymn6iEs87krkvEuiJwOloEn6n6nPMXKJ5G1HSu4TTBJpg/QK3LPVvPq+mtuSykorGFwW4qe3rK44cL4g7nNf5A==}

  color-convert@2.0.1:
    resolution: {integrity: sha512-6Yp5qIsy2AeaYK6aFEWMV9BCW6NHhgtDTL2ycu1/XBGHa/GSPpPIp0F2zANycFxHP6EfTiUWB+z1baBzgAG+NA==}

  color-name@1.1.4:
    resolution: {integrity: sha512-IMtyLpPmKc0J1mLVm8sr1qEvg6pM/3TRPDs2sPtMV0sciXaYJdBYFIPCTsHwLTkG4xIY6AUGCt82Zb4aB0e4w==}

  colors@1.4.0:
    resolution: {integrity: sha512-a+UqTh4kg1hmGe7MsF13Vm8lzyPuqV1Dyy8b+gX4B9pkQqt7jL9TOnN+vjrZ4PFcjPmZcL/UHXnBawT99Of/dA==}

  combined-stream@1.0.8:
    resolution: {integrity: sha512-FQN4MRfuJe/MfnrcjkRuNgIf3xQCwnurt44dCZ/JK54ps4nR1lv5WwzQDeN+w9sEIV6XPY30YLOphDXo8/RpBg==}

  commondir@1.0.1:
    resolution: {integrity: sha512-qRByiBI1pE8/57rMqqv1XQK0z4kBSuu2i44Y70PEOe8XlLRa/V0WvV5aAqBjP2j1WFHfB4O1y9F6c1Az9tRhEA==}

  concurrently@8.2.2:
    resolution: {integrity: sha512-48FwpBP/lvJIqf70Vswg5oGBu0qk6cgof0bMVdPDhkjb0bIFDk+KYPzjGdM2D9kVuQv8I5gZ5N9as4PhJl/xVw==}

  convert-source-map@2.0.0:
    resolution: {integrity: sha512-+4FJ91S7z3n+1eOJ4V3eB2o9nRgm4GxvFoPT2I2nUe0AKVoKj3c4OTydxjXEIe7c4ulthw1Ab+FqPbbmQn3WzA==}

  cookie@0.6.0:
    resolution: {integrity: sha512-L8bMRAIyKR7OaFuK6lrI9p7yt3m8N2hhE/kUNZGryI+aSkFQNoaUa49QdjkMdwW4n5yGGB9rjeZNIDlNpLgwg==}

  cross-spawn@7.0.4:
    resolution: {integrity: sha512-4ON+YkxBA1yEnKpOTq2EWY2vOwvsilq+nlD5zDXYLRgIb31kh0xN5i+8/JYUqLN8d2ShS4zM7GXJkA4q6Cmydw==}

  data-uri-to-buffer@6.0.2:
    resolution: {integrity: sha512-lBI6yUYbZpuL8Ac2pm7L1mV6+Y0V7NR3cJxUhFmLwqPSHKdVlo9K2b1GUB9sZ15mspx2Pcb6LC/JNIMKisazvA==}

  dateformat@4.6.3:
    resolution: {integrity: sha512-OhU74aWjUXr3OJ2yyt1Smn4bbuVfTIuu+oJ2Tu0ZGlSwQFmhJfUkdGOsJko/M9mkTJ6cDRUBD7dWqI4TIXmL2Q==}

  debug@4.4.0:
    resolution: {integrity: sha512-Ll+M5tYCYrn3gfVfFEoUXdC6/Ih/Z7nMHRy4cWuD6DYSQ0JLIW+i/jFnv7oVGS1kTUB5hiFTXsJse4GK/KSYhg==}

  decamelize@4.0.0:
    resolution: {integrity: sha512-0mfPCNADq6Mcy/y6dyYoTCDXgrRRBCE3GgCOK8F3HvAaAr3U8+REBiK+RYDgohKLuaBQ7puO0Mk8bw9WjEke6A==}

  deep-eql@4.1.3:
    resolution: {integrity: sha512-Wn0iRFpXo808Ehwli5BNwfJhXiGPn7co8nu0mdsVLtStQzjbH5X9Mp6sBniO/K6ApL1s1ZbSMF7Gqu1bTL4Nsw==}

  deep-extend@0.6.0:
    resolution: {integrity: sha512-qpgWhPvWNWUB2rG/55eibOrjLQyrC1Dhp80G7ApxiIOwoRMvt2gn9ReDyw/7SsCLJPNmCebTFl80T70oR5YSPw==}

  deep-merge@4.3.1:
    resolution: {integrity: sha512-3BRSZ1Vj1+4Z1F1AXdOHgkl5YsMYT1H9NpN00PaCiIrh4H6TUYgZXIKnrivCn2/OQ4z2k6vUa8Y/sEGU+SRO/w==}

  deep-pick-omit@1.2.1:
    resolution: {integrity: sha512-SZquDDmQn+nNE+6fOZ8Oy1mIlHaVjMUt2WsR+KUKbXK/k69M4a52ABgNuiBsP7vDr50TC02fomXDJRgiU8ImbQ==}

  deep-strict-equal@0.2.0:
    resolution: {integrity: sha512-gPChh1ubtUhywmQj5Bbk2PRz+fJCCl0R6ndMF3xH4mMVbvcyNrwXHDCcO85fnZnDQ/p/4ZEG9gAFrJZ7V9EKLw==}

  default-browser-id@5.0.0:
    resolution: {integrity: sha512-vYnrHyuMGI2LglOTa2/FFPxAg6Pb7EfMLeQLZJLzK07kMZyrBzh/Ot9/TccfkAXb4M+xD4jSpF+eqF85dSIH3w==}

  default-browser@5.2.1:
    resolution: {integrity: sha512-tOSyz0V9/SD2ZBIQ+u8mrwsG8xkUWIIOJ2/85h9BV/9SdNK8TV0XcpWLhKJjwfnMp+eoscm/vpBAPi5RVc1ZxA==}

  delayed-stream@1.0.0:
    resolution: {integrity: sha512-L6OQNSJb2N+u8BpyfYNc8SHkGjVl88mHMY+5jRTISn6rEgU4Fvat5OnlWwZHs/vthZCUQDd7D+J7Baw+mcG8MA==}

  depd@2.0.0:
    resolution: {integrity: sha512-kYp4A5Pqs6x1fr9b9QWFL0tfTjKQNZ8CxBjofHirwQkQA+p4ljV2Iu20xW0z409Fq3gZc0dtbqfWcblh03O9IA==}

  dequal@2.0.3:
    resolution: {integrity: sha512-z8IcW2yKSevT9FrOBSpdK4PVS0R5I/ednPhR2IU55l+H/N4Pb2aYk9NqDpmA4ViDtYwYRefJBvkaM0o5Wd5azQ==}

  diff-sequences@29.6.3:
    resolution: {integrity: sha512-8Kyb0nifEygEBKnGbkOmrc7Ko8f2LB5neaiXF/1d2zGPG+vULtgVETKn60pb/eEVvRJxN5xrpZtQ8A6t5aRZgA==}

  dom-serializer@2.0.0:
    resolution: {integrity: sha512-wIkAryiq/uX3O7kaK0wE+QMLgBzeQQs2VGiE7x44tujcC80Y81QJ9AVeflMLIUhoWVXHq2b8QhvKkTHsdFdaXA==}

  domelementtype@2.3.0:
    resolution: {integrity: sha512-mHPr8iOgvaZhSxDqHUnYqWDh+0WD63XBy5GJzkHwAbgZ6RpqOfMwxf9QfzxJ9qpw4Ry3sDY2v4VgR1up1PS/1A==}

  domhandler@5.0.3:
    resolution: {integrity: sha512-b3iJ6e8ZxtyyZEXfv1OWoYrKPeVf6Dl8Av3xAlK/CSfU4ll8hZVSk/0Cgs8O7GmV2NGuTwBM5rXif2C3V+luUw==}

  domutils@3.2.2:
    resolution: {integrity: sha512-uV1Kk0kQ4XCwfHv9EwEqhAam+V/Uiy69H7btDLz9h5kDa/WC9o0qSI6JpD2oiPWNfgM2u0gDccnOKZKxnwoE+w==}

  dotenv@16.4.5:
    resolution: {integrity: sha512-+5aG+W3ScZUud4/hbt04C21L7m3Wlm6p/lwNCLxN9QuoDceSwqZ4cW8lWVfgoKSgNNcR5akCEsm+zz8GxkTRnA==}

  duplexify@4.1.3:
    resolution: {integrity: sha512-2g/h9sUo9/MWZHmPpq1RU+ZX7FcQ3di0DjH+vFrJXO8olGOgb6tIp9rJxxzu2/+R9sk7wGEx9OLezFYj5/5Jgw==}

  eastasianwidth@0.2.0:
    resolution: {integrity: sha512-9zayW4ZGFESiUHe8RRndbV+oX1bXGCRuaAGa38tr44hzPxoz2/1WHP2rVs2EJRKYv7sM+tP9jS+iOjxQFGUoxg==}

  electron-to-chromium@1.4.723:
    resolution: {integrity: sha512-ajsM/Bp+LaBSyHcIKipPQFl3SGmD7+OquPBl0bNR1nrfDeR+8CSjvSp46ZEcD0MpJgLcFjV3yK6KJFvP7I8KsQ==}

  emailjs@4.0.3:
    resolution: {integrity: sha512-+ywAUSJKaToZFZr2Dlcyw1B2yJECGzP0H6C6UL9FS89fG8pGi+u01VSaQtnd3GOv2osYECw8+YhwuwcVPGvxOQ==}

  emojis-list@3.0.0:
    resolution: {integrity: sha512-/kyM18Eo4QkVTU3BCbJ7CZXq8CtN71Qukr6dOAxvZK4f0z46PYyBhX3gfFM9X5NH5pHqUedXIyQ0LCRV7rMZ4g==}

  emoji-regex@9.2.2:
    resolution: {integrity: sha512-ll5Kx0YvXXm4rcpYbCac6g7nA9++H1i34AM2EZFCtxaxNGKP0PnI1At5UyDW6TRt4w8aO3StjD+wqOP3Z5r3w==}

  end-of-stream@1.4.4:
    resolution: {integrity: sha512-JLMiFl/y6YmoxzVyEmbURiUA3QaVTka202S2fkgxRDjztXLuY8jg9GUick66qk5HFf2nZW1N6bVrRfIuicFgiw==}

  entities@4.5.0:
    resolution: {integrity: sha512-VcoM246N7uqKL2b3Ml2raJXyzmxCYYwsKdh4Is+2us+y/EG7oN9nMiRHO9yKJ3NOM1mpD1g7w2TmsAGaMXTVoA==}

  esbuild@0.21.5:
    resolution: {integrity: sha512-fqJfY9V5YsHTf6XK4K05dVaSxl1hz3RyF8z5T0xz8gZXQpVf46mpxbZYqGRNq3BeLznN0y+a6qGGIeqm3EeWew==}

  esbuild-register@3.5.0:
    resolution: {integrity: sha512-8ZylBffj/sIIY+fh9z8gWj1VyjyU4QWmHR/aNc4aBb16t82o7PL1N5AeVXDgwkrg/fdHUkIlT+7V8p1Jw3ZCZw==}

  esbuild-wasm@0.24.2:
    resolution: {integrity: sha512-qv6G5clu7GOliA/wmd4D4r2M4a2tA1p4B9I/3s2lX3GJ2LRcEQI0m8mNvVYv4GfVZc+7Zhbqw0n3Zc+7b6T1bA==}

  escape-string-regexp@2.0.0:
    resolution: {integrity: sha512-/0Z5pqwun1NWyL8CW5Fas3+yQX3omjxlg1RFISU4qsT2FQcQyq8dJ2xZOn0HEGs3YO7Uo3iV5LwL48lYtAqAoA==}

  estree-walker@3.0.3:
    resolution: {integrity: sha512-5OImXBZX9MECZCqHi4Er9xnhGDaTUsVeJ0b4BgoMPCl6JtZ7Wk5mxv0gb/+Q8CihVbJz+PQhyYp51uKXQ01SgA==}

  events@3.3.0:
    resolution: {integrity: sha512-+GjEMokCwmkZ+56bQKc+0/zcV4o47+B9uaXExC/x8I25li3wSnV/KRfNCavPCidvLxQJY7rC5Q1Us3RD4G3dSw==}

  fast-content-type-parse@1.1.0:
    resolution: {integrity: sha512-0amlD6sH79YXflDo+2CYzKCl9McB179jnqKKrfgBeawNVJA1Q3iyp2HI7N1vEn521/u9wvQv4msDXRdueiM3lQ==}

  fast-content-type-parse@1.1.0:
    resolution: {integrity: sha512-0amlD6sH79YXflDo+2CYzKCl9McB179jnqKKrfgBeawNVJA1Q3iyp2HI7N1vEn521/u9wvQv4msDXRdueiM3lQ==}

  fast-decode-uri-component@1.0.1:
    resolution: {integrity: sha512-+J+mjdkE52zMwXJeK8TJ/4BlDbSqtNG8TOV02QttLnbLmGeKvKDUI+24jlpkyw4uhE11IyeVtXBctIBY26lHog==}

  fast-glob@3.3.3:
    resolution: {integrity: sha512-3ZFsnhW2xP7kxJgLVFjRRJaQeeh4UgzW0SgSxeLHTq5ER8oYKEG6NsDF/2wROKHBKhcV/NrRNR32QfT2+ubytg==}

  fast-json-stable-stringify@2.1.0:
    resolution: {integrity: sha512-5u/+ibMNn7y28lOP8HFNQdE+etFZj+IfVLRF+OJpcV+XI79oH9ITN8lvnZNsBG6OGMqcMl6n9JYtiNjvZQPHdA==}

  fast-json-stringify@5.16.1:
    resolution: {integrity: sha512-vzcJiVw6V6edYHlreX5wCdp9FbwvzfaY5fMCnqZQLwQjVbCqn6uWo4a8S9d8aiySEMxLEO0C3fIqfGm/G09z+w==}

  fast-levenshtein@2.0.6:
    resolution: {integrity: sha512-VCBS/jGrm3nYPtP9dCsI4pQviNkqhSEjX+AjOj4eWEr2n4Rz6rSXn86+7NIaNr+ugLzdIXp/hqFMY+lbdiMIeA==}

  fast-printf@0.0.1:
    resolution: {integrity: sha512-1eK4FbK/sTmjTa43kCKMGcGu/...